// !$*UTF8*$!
{
	archiveVersion = 1;
	classes = {
	};
	objectVersion = 56;
	objects = {

/* Begin PBXBuildFile section */
		0C16E94E297D7C040011A707 /* XylaphoneViewController.swift in Sources */ = {isa = PBXBuildFile; fileRef = 0C16E94D297D7C040011A707 /* XylaphoneViewController.swift */; };
		0C22FC8D29819212003DDCC2 /* EggeTimerViewController.swift in Sources */ = {isa = PBXBuildFile; fileRef = 0C22FC8C29819212003DDCC2 /* EggeTimerViewController.swift */; };
		0C22FC9029819319003DDCC2 /* alarm_sound.mp3 in Resources */ = {isa = PBXBuildFile; fileRef = 0C22FC8F29819319003DDCC2 /* alarm_sound.mp3 */; };
		0C271BFA299D47D700365AB6 /* SplitModel.swift in Sources */ = {isa = PBXBuildFile; fileRef = 0C271BF9299D47D700365AB6 /* SplitModel.swift */; };
		0C34ED7F299AA3BA0005DD6A /* TipsyViewController.swift in Sources */ = {isa = PBXBuildFile; fileRef = 0C34ED7E299AA3BA0005DD6A /* TipsyViewController.swift */; };
		0C34ED81299AA3E90005DD6A /* Guidelines in Resources */ = {isa = PBXBuildFile; fileRef = 0C34ED80299AA3E90005DD6A /* Guidelines */; };
		0C4A7D0F297D765D00EECC6C /* MagikBallViewController.swift in Sources */ = {isa = PBXBuildFile; fileRef = 0C4A7D0E297D765D00EECC6C /* MagikBallViewController.swift */; };
		0C70744629A8C2B50035A981 /* CoinViewController.swift in Sources */ = {isa = PBXBuildFile; fileRef = 0C70744529A8C2B50035A981 /* CoinViewController.swift */; };
		0C7C9026297D78EC00CEB71F /* CalculatorViewController.swift in Sources */ = {isa = PBXBuildFile; fileRef = 0C7C9025297D78EC00CEB71F /* CalculatorViewController.swift */; };
		0CA754762989217D00FEC2CC /* QuizzlerViewController.swift in Sources */ = {isa = PBXBuildFile; fileRef = 0CA754752989217D00FEC2CC /* QuizzlerViewController.swift */; };
		0CA754782989293200FEC2CC /* AnswerButton.swift in Sources */ = {isa = PBXBuildFile; fileRef = 0CA754772989293200FEC2CC /* AnswerButton.swift */; };
		0CA7547A29892FC200FEC2CC /* ModelQuestions.swift in Sources */ = {isa = PBXBuildFile; fileRef = 0CA7547929892FC200FEC2CC /* ModelQuestions.swift */; };
		0CCF5FC0297EF8A200039468 /* A.wav in Resources */ = {isa = PBXBuildFile; fileRef = 0CCF5FB9297EF8A200039468 /* A.wav */; };
		0CCF5FC1297EF8A200039468 /* C.wav in Resources */ = {isa = PBXBuildFile; fileRef = 0CCF5FBA297EF8A200039468 /* C.wav */; };
		0CCF5FC2297EF8A200039468 /* B.wav in Resources */ = {isa = PBXBuildFile; fileRef = 0CCF5FBB297EF8A200039468 /* B.wav */; };
		0CCF5FC3297EF8A200039468 /* F.wav in Resources */ = {isa = PBXBuildFile; fileRef = 0CCF5FBC297EF8A200039468 /* F.wav */; };
		0CCF5FC4297EF8A200039468 /* G.wav in Resources */ = {isa = PBXBuildFile; fileRef = 0CCF5FBD297EF8A200039468 /* G.wav */; };
		0CCF5FC5297EF8A200039468 /* E.wav in Resources */ = {isa = PBXBuildFile; fileRef = 0CCF5FBE297EF8A200039468 /* E.wav */; };
		0CCF5FC6297EF8A200039468 /* D.wav in Resources */ = {isa = PBXBuildFile; fileRef = 0CCF5FBF297EF8A200039468 /* D.wav */; };
		0CEB93B7297D71180046683E /* DiceViewController.swift in Sources */ = {isa = PBXBuildFile; fileRef = 0CEB93B6297D71180046683E /* DiceViewController.swift */; };
		0CEB93BC297D72400046683E /* UIView + Extensions.swift in Sources */ = {isa = PBXBuildFile; fileRef = 0CEB93BB297D72400046683E /* UIView + Extensions.swift */; };
		0CF2493B297D62FB00A00BD3 /* AppDelegate.swift in Sources */ = {isa = PBXBuildFile; fileRef = 0CF2493A297D62FB00A00BD3 /* AppDelegate.swift */; };
		0CF2493D297D62FB00A00BD3 /* SceneDelegate.swift in Sources */ = {isa = PBXBuildFile; fileRef = 0CF2493C297D62FB00A00BD3 /* SceneDelegate.swift */; };
		0CF2493F297D62FB00A00BD3 /* mainScreenController.swift in Sources */ = {isa = PBXBuildFile; fileRef = 0CF2493E297D62FB00A00BD3 /* mainScreenController.swift */; };
		0CF24942297D62FB00A00BD3 /* Main.storyboard in Resources */ = {isa = PBXBuildFile; fileRef = 0CF24940297D62FB00A00BD3 /* Main.storyboard */; };
		0CF24944297D62FC00A00BD3 /* Assets.xcassets in Resources */ = {isa = PBXBuildFile; fileRef = 0CF24943297D62FC00A00BD3 /* Assets.xcassets */; };
		0CF24947297D62FC00A00BD3 /* LaunchScreen.storyboard in Resources */ = {isa = PBXBuildFile; fileRef = 0CF24945297D62FC00A00BD3 /* LaunchScreen.storyboard */; };
		0CFAFCBF29A0BA7700DEE6A4 /* ClimaViewController.swift in Sources */ = {isa = PBXBuildFile; fileRef = 0CFAFCBE29A0BA7700DEE6A4 /* ClimaViewController.swift */; };
		0CFAFCC129A0DB7B00DEE6A4 /* WeatherModel.swift in Sources */ = {isa = PBXBuildFile; fileRef = 0CFAFCC029A0DB7B00DEE6A4 /* WeatherModel.swift */; };
		0CFAFCC729A0E44500DEE6A4 /* NotificationServices.swift in Sources */ = {isa = PBXBuildFile; fileRef = 0CFAFCC629A0E44500DEE6A4 /* NotificationServices.swift */; };
		0CFAFCC929A0E48A00DEE6A4 /* ClosureServices.swift in Sources */ = {isa = PBXBuildFile; fileRef = 0CFAFCC829A0E48A00DEE6A4 /* ClosureServices.swift */; };
		0CFAFCCB29A0E4B200DEE6A4 /* DelegateServices.swift in Sources */ = {isa = PBXBuildFile; fileRef = 0CFAFCCA29A0E4B200DEE6A4 /* DelegateServices.swift */; };
		0CFDB7E1299C080100ABEF2E /* ResultViewController.swift in Sources */ = {isa = PBXBuildFile; fileRef = 0CFDB7E0299C080100ABEF2E /* ResultViewController.swift */; };
/* End PBXBuildFile section */

/* Begin PBXFileReference section */
		0C16E94D297D7C040011A707 /* XylaphoneViewController.swift */ = {isa = PBXFileReference; lastKnownFileType = sourcecode.swift; path = XylaphoneViewController.swift; sourceTree = "<group>"; };
		0C22FC8C29819212003DDCC2 /* EggeTimerViewController.swift */ = {isa = PBXFileReference; lastKnownFileType = sourcecode.swift; path = EggeTimerViewController.swift; sourceTree = "<group>"; };
		0C22FC8F29819319003DDCC2 /* alarm_sound.mp3 */ = {isa = PBXFileReference; lastKnownFileType = audio.mp3; path = alarm_sound.mp3; sourceTree = "<group>"; };
		0C271BF9299D47D700365AB6 /* SplitModel.swift */ = {isa = PBXFileReference; lastKnownFileType = sourcecode.swift; path = SplitModel.swift; sourceTree = "<group>"; };
		0C34ED7E299AA3BA0005DD6A /* TipsyViewController.swift */ = {isa = PBXFileReference; lastKnownFileType = sourcecode.swift; path = TipsyViewController.swift; sourceTree = "<group>"; };
		0C34ED80299AA3E90005DD6A /* Guidelines */ = {isa = PBXFileReference; fileEncoding = 4; lastKnownFileType = text; path = Guidelines; sourceTree = "<group>"; };
		0C4A7D0E297D765D00EECC6C /* MagikBallViewController.swift */ = {isa = PBXFileReference; lastKnownFileType = sourcecode.swift; path = MagikBallViewController.swift; sourceTree = "<group>"; };
		0C70744529A8C2B50035A981 /* CoinViewController.swift */ = {isa = PBXFileReference; lastKnownFileType = sourcecode.swift; path = CoinViewController.swift; sourceTree = "<group>"; };
		0C7C9025297D78EC00CEB71F /* CalculatorViewController.swift */ = {isa = PBXFileReference; lastKnownFileType = sourcecode.swift; path = CalculatorViewController.swift; sourceTree = "<group>"; };
		0CA754752989217D00FEC2CC /* QuizzlerViewController.swift */ = {isa = PBXFileReference; lastKnownFileType = sourcecode.swift; path = QuizzlerViewController.swift; sourceTree = "<group>"; };
		0CA754772989293200FEC2CC /* AnswerButton.swift */ = {isa = PBXFileReference; lastKnownFileType = sourcecode.swift; path = AnswerButton.swift; sourceTree = "<group>"; };
		0CA7547929892FC200FEC2CC /* ModelQuestions.swift */ = {isa = PBXFileReference; lastKnownFileType = sourcecode.swift; path = ModelQuestions.swift; sourceTree = "<group>"; };
		0CCF5FB9297EF8A200039468 /* A.wav */ = {isa = PBXFileReference; lastKnownFileType = audio.wav; path = A.wav; sourceTree = "<group>"; };
		0CCF5FBA297EF8A200039468 /* C.wav */ = {isa = PBXFileReference; lastKnownFileType = audio.wav; path = C.wav; sourceTree = "<group>"; };
		0CCF5FBB297EF8A200039468 /* B.wav */ = {isa = PBXFileReference; lastKnownFileType = audio.wav; path = B.wav; sourceTree = "<group>"; };
		0CCF5FBC297EF8A200039468 /* F.wav */ = {isa = PBXFileReference; lastKnownFileType = audio.wav; path = F.wav; sourceTree = "<group>"; };
		0CCF5FBD297EF8A200039468 /* G.wav */ = {isa = PBXFileReference; lastKnownFileType = audio.wav; path = G.wav; sourceTree = "<group>"; };
		0CCF5FBE297EF8A200039468 /* E.wav */ = {isa = PBXFileReference; lastKnownFileType = audio.wav; path = E.wav; sourceTree = "<group>"; };
		0CCF5FBF297EF8A200039468 /* D.wav */ = {isa = PBXFileReference; lastKnownFileType = audio.wav; path = D.wav; sourceTree = "<group>"; };
		0CEB93B6297D71180046683E /* DiceViewController.swift */ = {isa = PBXFileReference; lastKnownFileType = sourcecode.swift; path = DiceViewController.swift; sourceTree = "<group>"; };
		0CEB93BB297D72400046683E /* UIView + Extensions.swift */ = {isa = PBXFileReference; lastKnownFileType = sourcecode.swift; path = "UIView + Extensions.swift"; sourceTree = "<group>"; };
		0CF24937297D62FB00A00BD3 /* Swift Marafon 6.0 Modules 1-22.app */ = {isa = PBXFileReference; explicitFileType = wrapper.application; includeInIndex = 0; path = "Swift Marafon 6.0 Modules 1-22.app"; sourceTree = BUILT_PRODUCTS_DIR; };
		0CF2493A297D62FB00A00BD3 /* AppDelegate.swift */ = {isa = PBXFileReference; lastKnownFileType = sourcecode.swift; path = AppDelegate.swift; sourceTree = "<group>"; };
		0CF2493C297D62FB00A00BD3 /* SceneDelegate.swift */ = {isa = PBXFileReference; lastKnownFileType = sourcecode.swift; path = SceneDelegate.swift; sourceTree = "<group>"; };
		0CF2493E297D62FB00A00BD3 /* mainScreenController.swift */ = {isa = PBXFileReference; lastKnownFileType = sourcecode.swift; path = mainScreenController.swift; sourceTree = "<group>"; };
		0CF24941297D62FB00A00BD3 /* Base */ = {isa = PBXFileReference; lastKnownFileType = file.storyboard; name = Base; path = Base.lproj/Main.storyboard; sourceTree = "<group>"; };
		0CF24943297D62FC00A00BD3 /* Assets.xcassets */ = {isa = PBXFileReference; lastKnownFileType = folder.assetcatalog; path = Assets.xcassets; sourceTree = "<group>"; };
		0CF24946297D62FC00A00BD3 /* Base */ = {isa = PBXFileReference; lastKnownFileType = file.storyboard; name = Base; path = Base.lproj/LaunchScreen.storyboard; sourceTree = "<group>"; };
		0CF24948297D62FC00A00BD3 /* Info.plist */ = {isa = PBXFileReference; lastKnownFileType = text.plist.xml; path = Info.plist; sourceTree = "<group>"; };
		0CFAFCBE29A0BA7700DEE6A4 /* ClimaViewController.swift */ = {isa = PBXFileReference; lastKnownFileType = sourcecode.swift; path = ClimaViewController.swift; sourceTree = "<group>"; };
		0CFAFCC029A0DB7B00DEE6A4 /* WeatherModel.swift */ = {isa = PBXFileReference; lastKnownFileType = sourcecode.swift; path = WeatherModel.swift; sourceTree = "<group>"; };
		0CFAFCC629A0E44500DEE6A4 /* NotificationServices.swift */ = {isa = PBXFileReference; lastKnownFileType = sourcecode.swift; path = NotificationServices.swift; sourceTree = "<group>"; };
		0CFAFCC829A0E48A00DEE6A4 /* ClosureServices.swift */ = {isa = PBXFileReference; lastKnownFileType = sourcecode.swift; path = ClosureServices.swift; sourceTree = "<group>"; };
		0CFAFCCA29A0E4B200DEE6A4 /* DelegateServices.swift */ = {isa = PBXFileReference; lastKnownFileType = sourcecode.swift; path = DelegateServices.swift; sourceTree = "<group>"; };
		0CFDB7E0299C080100ABEF2E /* ResultViewController.swift */ = {isa = PBXFileReference; lastKnownFileType = sourcecode.swift; path = ResultViewController.swift; sourceTree = "<group>"; };
/* End PBXFileReference section */

/* Begin PBXFrameworksBuildPhase section */
		0CF24934297D62FB00A00BD3 /* Frameworks */ = {
			isa = PBXFrameworksBuildPhase;
			buildActionMask = 2147483647;
			files = (
			);
			runOnlyForDeploymentPostprocessing = 0;
		};
/* End PBXFrameworksBuildPhase section */

/* Begin PBXGroup section */
		0C16E94C297D7BE50011A707 /* Module7 */ = {
			isa = PBXGroup;
			children = (
				0C16E94D297D7C040011A707 /* XylaphoneViewController.swift */,
				0CCF5FB8297EF8A200039468 /* Sounds */,
			);
			path = Module7;
			sourceTree = "<group>";
		};
		0C22FC8B298191E1003DDCC2 /* Module8 */ = {
			isa = PBXGroup;
			children = (
				0C22FC8E29819246003DDCC2 /* Sounds */,
				0C22FC8C29819212003DDCC2 /* EggeTimerViewController.swift */,
			);
			path = Module8;
			sourceTree = "<group>";
		};
		0C22FC8E29819246003DDCC2 /* Sounds */ = {
			isa = PBXGroup;
			children = (
				0C22FC8F29819319003DDCC2 /* alarm_sound.mp3 */,
			);
			path = Sounds;
			sourceTree = "<group>";
		};
		0C34ED7D299AA3520005DD6A /* Module12 */ = {
			isa = PBXGroup;
			children = (
				0CFDB7DF299C07DA00ABEF2E /* ResultModule */,
				0C34ED7E299AA3BA0005DD6A /* TipsyViewController.swift */,
				0C271BF9299D47D700365AB6 /* SplitModel.swift */,
			);
			path = Module12;
			sourceTree = "<group>";
		};
		0C4A7D0D297D763B00EECC6C /* Module5 */ = {
			isa = PBXGroup;
			children = (
				0C4A7D0E297D765D00EECC6C /* MagikBallViewController.swift */,
			);
			path = Module5;
			sourceTree = "<group>";
		};
		0C70744429A8C29C0035A981 /* Module14 */ = {
			isa = PBXGroup;
			children = (
				0C70744529A8C2B50035A981 /* CoinViewController.swift */,
			);
			path = Module14;
			sourceTree = "<group>";
		};
		0C7C9024297D78D500CEB71F /* Module6 */ = {
			isa = PBXGroup;
			children = (
				0C7C9025297D78EC00CEB71F /* CalculatorViewController.swift */,
			);
			path = Module6;
			sourceTree = "<group>";
		};
		0CA754742989212600FEC2CC /* Module9 */ = {
			isa = PBXGroup;
			children = (
				0CA754752989217D00FEC2CC /* QuizzlerViewController.swift */,
				0CA754772989293200FEC2CC /* AnswerButton.swift */,
				0CA7547929892FC200FEC2CC /* ModelQuestions.swift */,
			);
			path = Module9;
			sourceTree = "<group>";
		};
		0CCF5FB6297EF73000039468 /* Aplication */ = {
			isa = PBXGroup;
			children = (
				0CF2493A297D62FB00A00BD3 /* AppDelegate.swift */,
				0CF2493C297D62FB00A00BD3 /* SceneDelegate.swift */,
			);
			path = Aplication;
			sourceTree = "<group>";
		};
		0CCF5FB7297EF75100039468 /* Resources */ = {
			isa = PBXGroup;
			children = (
				0CF24943297D62FC00A00BD3 /* Assets.xcassets */,
				0CF24945297D62FC00A00BD3 /* LaunchScreen.storyboard */,
				0CF24948297D62FC00A00BD3 /* Info.plist */,
			);
			path = Resources;
			sourceTree = "<group>";
		};
		0CCF5FB8297EF8A200039468 /* Sounds */ = {
			isa = PBXGroup;
			children = (
				0CCF5FB9297EF8A200039468 /* A.wav */,
				0CCF5FBA297EF8A200039468 /* C.wav */,
				0CCF5FBB297EF8A200039468 /* B.wav */,
				0CCF5FBC297EF8A200039468 /* F.wav */,
				0CCF5FBD297EF8A200039468 /* G.wav */,
				0CCF5FBE297EF8A200039468 /* E.wav */,
				0CCF5FBF297EF8A200039468 /* D.wav */,
			);
			path = Sounds;
			sourceTree = "<group>";
		};
		0CEB93B5297D70DE0046683E /* Module4 */ = {
			isa = PBXGroup;
			children = (
				0CEB93B6297D71180046683E /* DiceViewController.swift */,
			);
			path = Module4;
			sourceTree = "<group>";
		};
		0CEB93B8297D713B0046683E /* MainScreen */ = {
			isa = PBXGroup;
			children = (
				0CF2493E297D62FB00A00BD3 /* mainScreenController.swift */,
				0CF24940297D62FB00A00BD3 /* Main.storyboard */,
			);
			path = MainScreen;
			sourceTree = "<group>";
		};
		0CEB93B9297D720D0046683E /* Extensions */ = {
			isa = PBXGroup;
			children = (
				0CEB93BB297D72400046683E /* UIView + Extensions.swift */,
			);
			path = Extensions;
			sourceTree = "<group>";
		};
		0CF2492E297D62FB00A00BD3 = {
			isa = PBXGroup;
			children = (
				0CF24939297D62FB00A00BD3 /* Swift Marafon 6.0 Modules 1-22 */,
				0CF24938297D62FB00A00BD3 /* Products */,
			);
			sourceTree = "<group>";
		};
		0CF24938297D62FB00A00BD3 /* Products */ = {
			isa = PBXGroup;
			children = (
				0CF24937297D62FB00A00BD3 /* Swift Marafon 6.0 Modules 1-22.app */,
			);
			name = Products;
			sourceTree = "<group>";
		};
		0CF24939297D62FB00A00BD3 /* Swift Marafon 6.0 Modules 1-22 */ = {
			isa = PBXGroup;
			children = (
				0C34ED80299AA3E90005DD6A /* Guidelines */,
				0CCF5FB6297EF73000039468 /* Aplication */,
				0CCF5FB7297EF75100039468 /* Resources */,
				0CEB93B9297D720D0046683E /* Extensions */,
				0CEB93B8297D713B0046683E /* MainScreen */,
				0CEB93B5297D70DE0046683E /* Module4 */,
				0C4A7D0D297D763B00EECC6C /* Module5 */,
				0C7C9024297D78D500CEB71F /* Module6 */,
				0C16E94C297D7BE50011A707 /* Module7 */,
				0C22FC8B298191E1003DDCC2 /* Module8 */,
				0CA754742989212600FEC2CC /* Module9 */,
				0C34ED7D299AA3520005DD6A /* Module12 */,
				0CFAFCBD29A0BA5E00DEE6A4 /* Module13 */,
				0C70744429A8C29C0035A981 /* Module14 */,
			);
			path = "Swift Marafon 6.0 Modules 1-22";
			sourceTree = "<group>";
		};
		0CFAFCBD29A0BA5E00DEE6A4 /* Module13 */ = {
			isa = PBXGroup;
			children = (
				0CFAFCC529A0E42C00DEE6A4 /* Services */,
				0CFAFCC429A0E42000DEE6A4 /* View */,
				0CFAFCC229A0DD4A00DEE6A4 /* Controller */,
				0CFAFCC329A0E40E00DEE6A4 /* Model */,
			);
			path = Module13;
			sourceTree = "<group>";
		};
		0CFAFCC229A0DD4A00DEE6A4 /* Controller */ = {
			isa = PBXGroup;
			children = (
				0CFAFCBE29A0BA7700DEE6A4 /* ClimaViewController.swift */,
			);
			path = Controller;
			sourceTree = "<group>";
		};
		0CFAFCC329A0E40E00DEE6A4 /* Model */ = {
			isa = PBXGroup;
			children = (
				0CFAFCC029A0DB7B00DEE6A4 /* WeatherModel.swift */,
			);
			path = Model;
			sourceTree = "<group>";
		};
		0CFAFCC429A0E42000DEE6A4 /* View */ = {
			isa = PBXGroup;
			children = (
			);
			name = View;
			sourceTree = "<group>";
		};
		0CFAFCC529A0E42C00DEE6A4 /* Services */ = {
			isa = PBXGroup;
			children = (
				0CFAFCC629A0E44500DEE6A4 /* NotificationServices.swift */,
				0CFAFCC829A0E48A00DEE6A4 /* ClosureServices.swift */,
				0CFAFCCA29A0E4B200DEE6A4 /* DelegateServices.swift */,
			);
			path = Services;
			sourceTree = "<group>";
		};
		0CFDB7DF299C07DA00ABEF2E /* ResultModule */ = {
			isa = PBXGroup;
			children = (
				0CFDB7E0299C080100ABEF2E /* ResultViewController.swift */,
			);
			path = ResultModule;
			sourceTree = "<group>";
		};
/* End PBXGroup section */

/* Begin PBXNativeTarget section */
		0CF24936297D62FB00A00BD3 /* Swift Marafon 6.0 Modules 1-22 */ = {
			isa = PBXNativeTarget;
			buildConfigurationList = 0CF2494B297D62FC00A00BD3 /* Build configuration list for PBXNativeTarget "Swift Marafon 6.0 Modules 1-22" */;
			buildPhases = (
				0CF24933297D62FB00A00BD3 /* Sources */,
				0CF24934297D62FB00A00BD3 /* Frameworks */,
				0CF24935297D62FB00A00BD3 /* Resources */,
			);
			buildRules = (
			);
			dependencies = (
			);
			name = "Swift Marafon 6.0 Modules 1-22";
			productName = "Swift Marafon 6.0 Modules 1-22";
			productReference = 0CF24937297D62FB00A00BD3 /* Swift Marafon 6.0 Modules 1-22.app */;
			productType = "com.apple.product-type.application";
		};
/* End PBXNativeTarget section */

/* Begin PBXProject section */
		0CF2492F297D62FB00A00BD3 /* Project object */ = {
			isa = PBXProject;
			attributes = {
				BuildIndependentTargetsInParallel = 1;
				LastSwiftUpdateCheck = 1400;
				LastUpgradeCheck = 1400;
				TargetAttributes = {
					0CF24936297D62FB00A00BD3 = {
						CreatedOnToolsVersion = 14.0.1;
					};
				};
			};
			buildConfigurationList = 0CF24932297D62FB00A00BD3 /* Build configuration list for PBXProject "Swift Marafon 6.0 Modules 1-22" */;
			compatibilityVersion = "Xcode 14.0";
			developmentRegion = en;
			hasScannedForEncodings = 0;
			knownRegions = (
				en,
				Base,
			);
			mainGroup = 0CF2492E297D62FB00A00BD3;
			productRefGroup = 0CF24938297D62FB00A00BD3 /* Products */;
			projectDirPath = "";
			projectRoot = "";
			targets = (
				0CF24936297D62FB00A00BD3 /* Swift Marafon 6.0 Modules 1-22 */,
			);
		};
/* End PBXProject section */

/* Begin PBXResourcesBuildPhase section */
		0CF24935297D62FB00A00BD3 /* Resources */ = {
			isa = PBXResourcesBuildPhase;
			buildActionMask = 2147483647;
			files = (
				0CCF5FC4297EF8A200039468 /* G.wav in Resources */,
				0CF24947297D62FC00A00BD3 /* LaunchScreen.storyboard in Resources */,
				0CCF5FC3297EF8A200039468 /* F.wav in Resources */,
				0C22FC9029819319003DDCC2 /* alarm_sound.mp3 in Resources */,
				0CF24944297D62FC00A00BD3 /* Assets.xcassets in Resources */,
				0CCF5FC0297EF8A200039468 /* A.wav in Resources */,
				0CCF5FC2297EF8A200039468 /* B.wav in Resources */,
				0CCF5FC5297EF8A200039468 /* E.wav in Resources */,
				0CCF5FC6297EF8A200039468 /* D.wav in Resources */,
				0CF24942297D62FB00A00BD3 /* Main.storyboard in Resources */,
				0CCF5FC1297EF8A200039468 /* C.wav in Resources */,
				0C34ED81299AA3E90005DD6A /* Guidelines in Resources */,
			);
			runOnlyForDeploymentPostprocessing = 0;
		};
/* End PBXResourcesBuildPhase section */

/* Begin PBXSourcesBuildPhase section */
		0CF24933297D62FB00A00BD3 /* Sources */ = {
			isa = PBXSourcesBuildPhase;
			buildActionMask = 2147483647;
			files = (
				0CFAFCCB29A0E4B200DEE6A4 /* DelegateServices.swift in Sources */,
				0C22FC8D29819212003DDCC2 /* EggeTimerViewController.swift in Sources */,
				0CEB93BC297D72400046683E /* UIView + Extensions.swift in Sources */,
				0CF2493F297D62FB00A00BD3 /* mainScreenController.swift in Sources */,
				0CF2493B297D62FB00A00BD3 /* AppDelegate.swift in Sources */,
				0CF2493D297D62FB00A00BD3 /* SceneDelegate.swift in Sources */,
				0CEB93B7297D71180046683E /* DiceViewController.swift in Sources */,
				0CA754782989293200FEC2CC /* AnswerButton.swift in Sources */,
				0C7C9026297D78EC00CEB71F /* CalculatorViewController.swift in Sources */,
				0C4A7D0F297D765D00EECC6C /* MagikBallViewController.swift in Sources */,
				0CFAFCBF29A0BA7700DEE6A4 /* ClimaViewController.swift in Sources */,
				0C271BFA299D47D700365AB6 /* SplitModel.swift in Sources */,
				0CFDB7E1299C080100ABEF2E /* ResultViewController.swift in Sources */,
				0C34ED7F299AA3BA0005DD6A /* TipsyViewController.swift in Sources */,
				0CA754762989217D00FEC2CC /* QuizzlerViewController.swift in Sources */,
				0CFAFCC129A0DB7B00DEE6A4 /* WeatherModel.swift in Sources */,
				0C16E94E297D7C040011A707 /* XylaphoneViewController.swift in Sources */,
				0CFAFCC729A0E44500DEE6A4 /* NotificationServices.swift in Sources */,
				0C70744629A8C2B50035A981 /* CoinViewController.swift in Sources */,
				0CA7547A29892FC200FEC2CC /* ModelQuestions.swift in Sources */,
				0CFAFCC929A0E48A00DEE6A4 /* ClosureServices.swift in Sources */,
			);
			runOnlyForDeploymentPostprocessing = 0;
		};
/* End PBXSourcesBuildPhase section */

/* Begin PBXVariantGroup section */
		0CF24940297D62FB00A00BD3 /* Main.storyboard */ = {
			isa = PBXVariantGroup;
			children = (
				0CF24941297D62FB00A00BD3 /* Base */,
			);
			name = Main.storyboard;
			sourceTree = "<group>";
		};
		0CF24945297D62FC00A00BD3 /* LaunchScreen.storyboard */ = {
			isa = PBXVariantGroup;
			children = (
				0CF24946297D62FC00A00BD3 /* Base */,
			);
			name = LaunchScreen.storyboard;
			sourceTree = "<group>";
		};
/* End PBXVariantGroup section */

/* Begin XCBuildConfiguration section */
		0CF24949297D62FC00A00BD3 /* Debug */ = {
			isa = XCBuildConfiguration;
			buildSettings = {
				ALWAYS_SEARCH_USER_PATHS = NO;
				CLANG_ANALYZER_NONNULL = YES;
				CLANG_ANALYZER_NUMBER_OBJECT_CONVERSION = YES_AGGRESSIVE;
				CLANG_CXX_LANGUAGE_STANDARD = "gnu++20";
				CLANG_ENABLE_MODULES = YES;
				CLANG_ENABLE_OBJC_ARC = YES;
				CLANG_ENABLE_OBJC_WEAK = YES;
				CLANG_WARN_BLOCK_CAPTURE_AUTORELEASING = YES;
				CLANG_WARN_BOOL_CONVERSION = YES;
				CLANG_WARN_COMMA = YES;
				CLANG_WARN_CONSTANT_CONVERSION = YES;
				CLANG_WARN_DEPRECATED_OBJC_IMPLEMENTATIONS = YES;
				CLANG_WARN_DIRECT_OBJC_ISA_USAGE = YES_ERROR;
				CLANG_WARN_DOCUMENTATION_COMMENTS = YES;
				CLANG_WARN_EMPTY_BODY = YES;
				CLANG_WARN_ENUM_CONVERSION = YES;
				CLANG_WARN_INFINITE_RECURSION = YES;
				CLANG_WARN_INT_CONVERSION = YES;
				CLANG_WARN_NON_LITERAL_NULL_CONVERSION = YES;
				CLANG_WARN_OBJC_IMPLICIT_RETAIN_SELF = YES;
				CLANG_WARN_OBJC_LITERAL_CONVERSION = YES;
				CLANG_WARN_OBJC_ROOT_CLASS = YES_ERROR;
				CLANG_WARN_QUOTED_INCLUDE_IN_FRAMEWORK_HEADER = YES;
				CLANG_WARN_RANGE_LOOP_ANALYSIS = YES;
				CLANG_WARN_STRICT_PROTOTYPES = YES;
				CLANG_WARN_SUSPICIOUS_MOVE = YES;
				CLANG_WARN_UNGUARDED_AVAILABILITY = YES_AGGRESSIVE;
				CLANG_WARN_UNREACHABLE_CODE = YES;
				CLANG_WARN__DUPLICATE_METHOD_MATCH = YES;
				COPY_PHASE_STRIP = NO;
				DEBUG_INFORMATION_FORMAT = dwarf;
				ENABLE_STRICT_OBJC_MSGSEND = YES;
				ENABLE_TESTABILITY = YES;
				GCC_C_LANGUAGE_STANDARD = gnu11;
				GCC_DYNAMIC_NO_PIC = NO;
				GCC_NO_COMMON_BLOCKS = YES;
				GCC_OPTIMIZATION_LEVEL = 0;
				GCC_PREPROCESSOR_DEFINITIONS = (
					"DEBUG=1",
					"$(inherited)",
				);
				GCC_WARN_64_TO_32_BIT_CONVERSION = YES;
				GCC_WARN_ABOUT_RETURN_TYPE = YES_ERROR;
				GCC_WARN_UNDECLARED_SELECTOR = YES;
				GCC_WARN_UNINITIALIZED_AUTOS = YES_AGGRESSIVE;
				GCC_WARN_UNUSED_FUNCTION = YES;
				GCC_WARN_UNUSED_VARIABLE = YES;
				IPHONEOS_DEPLOYMENT_TARGET = 16.0;
				MTL_ENABLE_DEBUG_INFO = INCLUDE_SOURCE;
				MTL_FAST_MATH = YES;
				ONLY_ACTIVE_ARCH = YES;
				SDKROOT = iphoneos;
				SWIFT_ACTIVE_COMPILATION_CONDITIONS = DEBUG;
				SWIFT_OPTIMIZATION_LEVEL = "-Onone";
			};
			name = Debug;
		};
		0CF2494A297D62FC00A00BD3 /* Release */ = {
			isa = XCBuildConfiguration;
			buildSettings = {
				ALWAYS_SEARCH_USER_PATHS = NO;
				CLANG_ANALYZER_NONNULL = YES;
				CLANG_ANALYZER_NUMBER_OBJECT_CONVERSION = YES_AGGRESSIVE;
				CLANG_CXX_LANGUAGE_STANDARD = "gnu++20";
				CLANG_ENABLE_MODULES = YES;
				CLANG_ENABLE_OBJC_ARC = YES;
				CLANG_ENABLE_OBJC_WEAK = YES;
				CLANG_WARN_BLOCK_CAPTURE_AUTORELEASING = YES;
				CLANG_WARN_BOOL_CONVERSION = YES;
				CLANG_WARN_COMMA = YES;
				CLANG_WARN_CONSTANT_CONVERSION = YES;
				CLANG_WARN_DEPRECATED_OBJC_IMPLEMENTATIONS = YES;
				CLANG_WARN_DIRECT_OBJC_ISA_USAGE = YES_ERROR;
				CLANG_WARN_DOCUMENTATION_COMMENTS = YES;
				CLANG_WARN_EMPTY_BODY = YES;
				CLANG_WARN_ENUM_CONVERSION = YES;
				CLANG_WARN_INFINITE_RECURSION = YES;
				CLANG_WARN_INT_CONVERSION = YES;
				CLANG_WARN_NON_LITERAL_NULL_CONVERSION = YES;
				CLANG_WARN_OBJC_IMPLICIT_RETAIN_SELF = YES;
				CLANG_WARN_OBJC_LITERAL_CONVERSION = YES;
				CLANG_WARN_OBJC_ROOT_CLASS = YES_ERROR;
				CLANG_WARN_QUOTED_INCLUDE_IN_FRAMEWORK_HEADER = YES;
				CLANG_WARN_RANGE_LOOP_ANALYSIS = YES;
				CLANG_WARN_STRICT_PROTOTYPES = YES;
				CLANG_WARN_SUSPICIOUS_MOVE = YES;
				CLANG_WARN_UNGUARDED_AVAILABILITY = YES_AGGRESSIVE;
				CLANG_WARN_UNREACHABLE_CODE = YES;
				CLANG_WARN__DUPLICATE_METHOD_MATCH = YES;
				COPY_PHASE_STRIP = NO;
				DEBUG_INFORMATION_FORMAT = "dwarf-with-dsym";
				ENABLE_NS_ASSERTIONS = NO;
				ENABLE_STRICT_OBJC_MSGSEND = YES;
				GCC_C_LANGUAGE_STANDARD = gnu11;
				GCC_NO_COMMON_BLOCKS = YES;
				GCC_WARN_64_TO_32_BIT_CONVERSION = YES;
				GCC_WARN_ABOUT_RETURN_TYPE = YES_ERROR;
				GCC_WARN_UNDECLARED_SELECTOR = YES;
				GCC_WARN_UNINITIALIZED_AUTOS = YES_AGGRESSIVE;
				GCC_WARN_UNUSED_FUNCTION = YES;
				GCC_WARN_UNUSED_VARIABLE = YES;
				IPHONEOS_DEPLOYMENT_TARGET = 16.0;
				MTL_ENABLE_DEBUG_INFO = NO;
				MTL_FAST_MATH = YES;
				SDKROOT = iphoneos;
				SWIFT_COMPILATION_MODE = wholemodule;
				SWIFT_OPTIMIZATION_LEVEL = "-O";
				VALIDATE_PRODUCT = YES;
			};
			name = Release;
		};
		0CF2494C297D62FC00A00BD3 /* Debug */ = {
			isa = XCBuildConfiguration;
			buildSettings = {
				ASSETCATALOG_COMPILER_APPICON_NAME = AppIcon;
				ASSETCATALOG_COMPILER_GLOBAL_ACCENT_COLOR_NAME = AccentColor;
				CODE_SIGN_STYLE = Automatic;
				CURRENT_PROJECT_VERSION = 1;
				DEVELOPMENT_TEAM = W856DM7S8L;
				GENERATE_INFOPLIST_FILE = YES;
				INFOPLIST_FILE = "Swift Marafon 6.0 Modules 1-22/Resources/Info.plist";
				INFOPLIST_KEY_UIApplicationSupportsIndirectInputEvents = YES;
				INFOPLIST_KEY_UILaunchStoryboardName = LaunchScreen;
				INFOPLIST_KEY_UIMainStoryboardFile = Main;
				INFOPLIST_KEY_UISupportedInterfaceOrientations_iPad = "UIInterfaceOrientationPortrait UIInterfaceOrientationPortraitUpsideDown UIInterfaceOrientationLandscapeLeft UIInterfaceOrientationLandscapeRight";
				INFOPLIST_KEY_UISupportedInterfaceOrientations_iPhone = "UIInterfaceOrientationPortrait UIInterfaceOrientationLandscapeLeft UIInterfaceOrientationLandscapeRight";
				LD_RUNPATH_SEARCH_PATHS = (
					"$(inherited)",
					"@executable_path/Frameworks",
				);
				MARKETING_VERSION = 1.0;
				PRODUCT_BUNDLE_IDENTIFIER = "com.Djinsolobzik.Swift-Marafon-6-0-Modules-1-22";
				PRODUCT_NAME = "$(TARGET_NAME)";
				SWIFT_EMIT_LOC_STRINGS = YES;
				SWIFT_VERSION = 5.0;
				TARGETED_DEVICE_FAMILY = "1,2";
			};
			name = Debug;
		};
		0CF2494D297D62FC00A00BD3 /* Release */ = {
			isa = XCBuildConfiguration;
			buildSettings = {
				ASSETCATALOG_COMPILER_APPICON_NAME = AppIcon;
				ASSETCATALOG_COMPILER_GLOBAL_ACCENT_COLOR_NAME = AccentColor;
				CODE_SIGN_STYLE = Automatic;
				CURRENT_PROJECT_VERSION = 1;
				DEVELOPMENT_TEAM = W856DM7S8L;
				GENERATE_INFOPLIST_FILE = YES;
				INFOPLIST_FILE = "Swift Marafon 6.0 Modules 1-22/Resources/Info.plist";
				INFOPLIST_KEY_UIApplicationSupportsIndirectInputEvents = YES;
				INFOPLIST_KEY_UILaunchStoryboardName = LaunchScreen;
				INFOPLIST_KEY_UIMainStoryboardFile = Main;
				INFOPLIST_KEY_UISupportedInterfaceOrientations_iPad = "UIInterfaceOrientationPortrait UIInterfaceOrientationPortraitUpsideDown UIInterfaceOrientationLandscapeLeft UIInterfaceOrientationLandscapeRight";
				INFOPLIST_KEY_UISupportedInterfaceOrientations_iPhone = "UIInterfaceOrientationPortrait UIInterfaceOrientationLandscapeLeft UIInterfaceOrientationLandscapeRight";
				LD_RUNPATH_SEARCH_PATHS = (
					"$(inherited)",
					"@executable_path/Frameworks",
				);
				MARKETING_VERSION = 1.0;
				PRODUCT_BUNDLE_IDENTIFIER = "com.Djinsolobzik.Swift-Marafon-6-0-Modules-1-22";
				PRODUCT_NAME = "$(TARGET_NAME)";
				SWIFT_EMIT_LOC_STRINGS = YES;
				SWIFT_VERSION = 5.0;
				TARGETED_DEVICE_FAMILY = "1,2";
			};
			name = Release;
		};
/* End XCBuildConfiguration section */

/* Begin XCConfigurationList section */
		0CF24932297D62FB00A00BD3 /* Build configuration list for PBXProject "Swift Marafon 6.0 Modules 1-22" */ = {
			isa = XCConfigurationList;
			buildConfigurations = (
				0CF24949297D62FC00A00BD3 /* Debug */,
				0CF2494A297D62FC00A00BD3 /* Release */,
			);
			defaultConfigurationIsVisible = 0;
			defaultConfigurationName = Release;
		};
		0CF2494B297D62FC00A00BD3 /* Build configuration list for PBXNativeTarget "Swift Marafon 6.0 Modules 1-22" */ = {
			isa = XCConfigurationList;
			buildConfigurations = (
				0CF2494C297D62FC00A00BD3 /* Debug */,
				0CF2494D297D62FC00A00BD3 /* Release */,
			);
			defaultConfigurationIsVisible = 0;
			defaultConfigurationName = Release;
		};
/* End XCConfigurationList section */
	};
	rootObject = 0CF2492F297D62FB00A00BD3 /* Project object */;
}
